
Microsoft Visual Studio Solution File, Format Version 12.00
# Visual Studio Version 16
VisualStudioVersion = 16.0.31515.178
MinimumVisualStudioVersion = 10.0.40219.1
Project("{8BC9CEB8-8B4A-11D0-8D11-00A0C91BC942}") = "TamekaLougoonA3", "TamekaLougoonA3\TamekaLougoonA3.vcxproj", "{E341A2E8-B1DE-4230-BAFC-58890D4300AA}"
EndProject
Global
	GlobalSection(SolutionConfigurationPlatforms) = preSolution
		Debug|x64 = Debug|x64
		Debug|x86 = Debug|x86
		Release|x64 = Release|x64
		Release|x86 = Release|x86
	EndGlobalSection
	GlobalSection(ProjectConfigurationPlatforms) = postSolution
		{E341A2E8-B1DE-4230-BAFC-58890D4300AA}.Debug|x64.ActiveCfg = Debug|x64
		{E341A2E8-B1DE-4230-BAFC-58890D4300AA}.Debug|x64.Build.0 = Debug|x64
		{E341A2E8-B1DE-4230-BAFC-58890D4300AA}.Debug|x86.ActiveCfg = Debug|Win32
		{E341A2E8-B1DE-4230-BAFC-58890D4300AA}.Debug|x86.Build.0 = Debug|Win32
		{E341A2E8-B1DE-4230-BAFC-58890D4300AA}.Release|x64.ActiveCfg = Release|x64
		{E341A2E8-B1DE-4230-BAFC-58890D4300AA}.Release|x64.Build.0 = Release|x64
		{E341A2E8-B1DE-4230-BAFC-58890D4300AA}.Release|x86.ActiveCfg = Release|Win32
		{E341A2E8-B1DE-4230-BAFC-58890D4300AA}.Release|x86.Build.0 = Release|Win32
	EndGlobalSection
	GlobalSection(SolutionProperties) = preSolution
		HideSolutionNode = FALSE
	EndGlobalSection
	GlobalSection(ExtensibilityGlobals) = postSolution
		SolutionGuid = {E93FBE5F-0405-4242-B0AF-30F28EA3F38E}
	EndGlobalSection
EndGlobal
